# @generated - this file is auto-generated by `mise lock` https://mise.jdx.dev/dev-tools/mise-lock.html

[[tools.java]]
version = "temurin-25.0.4+7.0.LTS"
backend = "core:java"

[tools.java."platforms.linux-arm64"]
checksum = "sha256:621f7196f0b682fb557da58bec89bd7dfe5419811fe1c0ba75c9cc8432f084c7"
url = "https://github.com/adoptium/temurin25-binaries/releases/download/jdk-25.0.4%2B7/OpenJDK25U-jdk_aarch64_linux_hotspot_25.0.4_7.tar.gz"

[tools.java."platforms.linux-x64"]
checksum = "sha256:e58fcdcd637b25c03ca84cbbcefc70d11efb8f4b4cbd05decc9f661769d77f94"
url = "https://github.com/adoptium/temurin25-binaries/releases/download/jdk-25.0.4%2B7/OpenJDK25U-jdk_x64_linux_hotspot_25.0.4_7.tar.gz"

[tools.java."platforms.linux-x64-musl"]
checksum = "sha256:c6f3e9f975c130169283363bf0ef2fc55f45c36eacc909141ffa7189cd7bdcb7"
url = "https://github.com/adoptium/temurin25-binaries/releases/download/jdk-25.0.4%2B7/OpenJDK25U-jdk_x64_alpine-linux_hotspot_25.0.4_7.tar.gz"

[tools.java."platforms.macos-arm64"]
checksum = "sha256:5a101c54abf5a9f16c0f70d8c38ba99e6567c1ba213378f0bb04497284f051bd"
url = "https://github.com/adoptium/temurin25-binaries/releases/download/jdk-25.0.4%2B7/OpenJDK25U-jdk_aarch64_mac_hotspot_25.0.4_7.tar.gz"

[tools.java."platforms.macos-x64"]
checksum = "sha256:a5ac9c46dad47ac06df35e36d096913195d8da1f3f71918828bcc2cfe33869b7"
url = "https://github.com/adoptium/temurin25-binaries/releases/download/jdk-25.0.4%2B7/OpenJDK25U-jdk_x64_mac_hotspot_25.0.4_7.tar.gz"

[tools.java."platforms.windows-x64"]
checksum = "sha256:7caab7db43bf4b94a2e6252c699e70d90084f9aa7c943cd3414761fd540937ae"
url = "https://github.com/adoptium/temurin25-binaries/releases/download/jdk-25.0.4%2B7/OpenJDK25U-jdk_x64_windows_hotspot_25.0.4_7.zip"

[[tools.node]]
version = "24.18.0"
backend = "core:node"

[tools.node."platforms.linux-arm64"]
checksum = "sha256:6b4484c2190274175df9aa8f28e2d758a819cb1c1fe6ab481e2f95b463ab8508"
url = "https://nodejs.org/dist/v24.18.0/node-v24.18.0-linux-arm64.tar.gz"

[tools.node."platforms.linux-arm64-musl"]
checksum = "sha256:b1c6c2dc31b46dd8fb2322f4fe75b07e775c5120bc37251deeea28f529d4567b"
url = "https://unofficial-builds.nodejs.org/download/release/v24.18.0/node-v24.18.0-linux-arm64-musl.tar.gz"

[tools.node."platforms.linux-x64"]
checksum = "sha256:783130984963db7ba9cbd01089eaf2c2efb055c7c1693c943174b967b3050cb8"
url = "https://nodejs.org/dist/v24.18.0/node-v24.18.0-linux-x64.tar.gz"

[tools.node."platforms.linux-x64-musl"]
checksum = "sha256:ea58409911e141ec6b19d9178efa2d9185a13295005b1cbf5521b3157eed1d95"
url = "https://unofficial-builds.nodejs.org/download/release/v24.18.0/node-v24.18.0-linux-x64-musl.tar.gz"

[tools.node."platforms.macos-arm64"]
checksum = "sha256:e1a97e14c99c803e96c7339403282ea05a499c32f8d83defe9ef5ec66f979ed1"
url = "https://nodejs.org/dist/v24.18.0/node-v24.18.0-darwin-arm64.tar.gz"

[tools.node."platforms.macos-x64"]
checksum = "sha256:dfd0dbd3e721503434df7b7205e719f61b3a3a31b2bcf9729b8b91fea240f080"
url = "https://nodejs.org/dist/v24.18.0/node-v24.18.0-darwin-x64.tar.gz"

[tools.node."platforms.windows-x64"]
checksum = "sha256:0ae68406b42d7725661da979b1403ec9926da205c6770827f33aac9d8f26e821"
url = "https://nodejs.org/dist/v24.18.0/node-v24.18.0-win-x64.zip"

[[tools.python]]
version = "3.12.13"
backend = "core:python"

[tools.python."platforms.linux-arm64"]
checksum = "sha256:e125d3e75034fe75d49ae8577b53758b0bb7d7817fadde2c020ad2cf7afe64c4"
url = "https://github.com/astral-sh/python-build-standalone/releases/download/20260728/cpython-3.12.13+20260728-aarch64-unknown-linux-gnu-install_only_stripped.tar.gz"
provenance = "github-attestations"

[tools.python."platforms.linux-arm64-musl"]
checksum = "sha256:58458cb64f2cebbe3aebf6073984a4e7bf9730065bb3386115a807c990ebd7b3"
url = "https://github.com/astral-sh/python-build-standalone/releases/download/20260728/cpython-3.12.13+20260728-aarch64-unknown-linux-musl-install_only_stripped.tar.gz"
provenance = "github-attestations"

[tools.python."platforms.linux-x64"]
checksum = "sha256:7ceaf4360f4b4ab44f31d8217cfdc70df8e12b61d9561b4900ee7af87176e50d"
url = "https://github.com/astral-sh/python-build-standalone/releases/download/20260728/cpython-3.12.13+20260728-x86_64-unknown-linux-gnu-install_only_stripped.tar.gz"
provenance = "github-attestations"

[tools.python."platforms.linux-x64-musl"]
checksum = "sha256:5143044af3c893b703e471a960c445b63ed46c7e41ee28526739b20510f362a6"
url = "https://github.com/astral-sh/python-build-standalone/releases/download/20260728/cpython-3.12.13+20260728-x86_64-unknown-linux-musl-install_only_stripped.tar.gz"
provenance = "github-attestations"

[tools.python."platforms.macos-arm64"]
checksum = "sha256:2f18cdef4125ca1440dd1ba00ebcb267526efb532138c0860438f755ea4eebac"
url = "https://github.com/astral-sh/python-build-standalone/releases/download/20260728/cpython-3.12.13+20260728-aarch64-apple-darwin-install_only_stripped.tar.gz"
provenance = "github-attestations"

[tools.python."platforms.macos-x64"]
checksum = "sha256:e654c21d0ba53e2c671868d4112fac5874deca4c35226d36c5cfe53bc5c9cd71"
url = "https://github.com/astral-sh/python-build-standalone/releases/download/20260728/cpython-3.12.13+20260728-x86_64-apple-darwin-install_only_stripped.tar.gz"
provenance = "github-attestations"

[tools.python."platforms.windows-x64"]
checksum = "sha256:242b94b37682ac55f9bf9eb624348dc8d17c64f74f56028104545ea3ffe35e26"
url = "https://github.com/astral-sh/python-build-standalone/releases/download/20260728/cpython-3.12.13+20260728-x86_64-pc-windows-msvc-install_only_stripped.tar.gz"
provenance = "github-attestations"
